// !$*UTF8*$!
{
	archiveVersion = 1;
	classes = {
	};
	objectVersion = 56;
	objects = {

/* Begin PBXBuildFile section */
		2B02AB272AEC65F60000DB4B /* NetworkHelper.swift in Sources */ = {isa = PBXBuildFile; fileRef = 2B02AB262AEC65F60000DB4B /* NetworkHelper.swift */; };
		2B02AB292AEC6C5B0000DB4B /* RequestTokenResponse.swift in Sources */ = {isa = PBXBuildFile; fileRef = 2B02AB282AEC6C5B0000DB4B /* RequestTokenResponse.swift */; };
		2B02AB2B2AEC75DE0000DB4B /* SessionRequest.swift in Sources */ = {isa = PBXBuildFile; fileRef = 2B02AB2A2AEC75DE0000DB4B /* SessionRequest.swift */; };
		2B02AB2D2AEC7A460000DB4B /* LoginRequest.swift in Sources */ = {isa = PBXBuildFile; fileRef = 2B02AB2C2AEC7A460000DB4B /* LoginRequest.swift */; };
		2B02AB2F2AEC7E830000DB4B /* TMDB.swift in Sources */ = {isa = PBXBuildFile; fileRef = 2B02AB2E2AEC7E830000DB4B /* TMDB.swift */; };
		2B3523D12B14AFBD0029733D /* ActorCollectionViewCell.swift in Sources */ = {isa = PBXBuildFile; fileRef = 2B3523D02B14AFBD0029733D /* ActorCollectionViewCell.swift */; };
		2B3704C22B2BB6DF00101808 /* LogoutRequest.swift in Sources */ = {isa = PBXBuildFile; fileRef = 2B3704C12B2BB6DF00101808 /* LogoutRequest.swift */; };
		2B3704C42B2BBC4500101808 /* SIGNBOAR.ttf in Resources */ = {isa = PBXBuildFile; fileRef = 2B3704C32B2BBBCD00101808 /* SIGNBOAR.ttf */; };
		2B4669872B0FCD5300DAA2C6 /* MovieCreditResponse.swift in Sources */ = {isa = PBXBuildFile; fileRef = 2B4669862B0FCD5300DAA2C6 /* MovieCreditResponse.swift */; };
		2B6A8E452AE8775E006A18D3 /* Switcher.swift in Sources */ = {isa = PBXBuildFile; fileRef = 2B6A8E442AE8775E006A18D3 /* Switcher.swift */; };
		2B6A8E472AE878D2006A18D3 /* SearchViewController.swift in Sources */ = {isa = PBXBuildFile; fileRef = 2B6A8E462AE878D2006A18D3 /* SearchViewController.swift */; };
		2B6BF0192B1FAE4800DAAD23 /* Main.storyboard in Resources */ = {isa = PBXBuildFile; fileRef = 2B6BF01B2B1FAE4800DAAD23 /* Main.storyboard */; };
		2B6BF01D2B1FBA0500DAAD23 /* MoreViewController.swift in Sources */ = {isa = PBXBuildFile; fileRef = 2B6BF01C2B1FBA0500DAAD23 /* MoreViewController.swift */; };
		2B6BF01F2B1FBE3E00DAAD23 /* ProfileResponse.swift in Sources */ = {isa = PBXBuildFile; fileRef = 2B6BF01E2B1FBE3E00DAAD23 /* ProfileResponse.swift */; };
		2B6BF0212B1FC4E800DAAD23 /* ProfileTableViewCell.swift in Sources */ = {isa = PBXBuildFile; fileRef = 2B6BF0202B1FC4E800DAAD23 /* ProfileTableViewCell.swift */; };
		2B6BF0232B1FC70100DAAD23 /* UserListsResponse.swift in Sources */ = {isa = PBXBuildFile; fileRef = 2B6BF0222B1FC70100DAAD23 /* UserListsResponse.swift */; };
		2B6D19692AF1C275001222E5 /* FavoritesViewController.swift in Sources */ = {isa = PBXBuildFile; fileRef = 2B6D19682AF1C275001222E5 /* FavoritesViewController.swift */; };
		2B6D196B2AF1C288001222E5 /* WatchlistViewController.swift in Sources */ = {isa = PBXBuildFile; fileRef = 2B6D196A2AF1C288001222E5 /* WatchlistViewController.swift */; };
		2B6D196D2AF1C422001222E5 /* MovieData.swift in Sources */ = {isa = PBXBuildFile; fileRef = 2B6D196C2AF1C422001222E5 /* MovieData.swift */; };
		2B6D196F2AF1C55B001222E5 /* MovieResponse.swift in Sources */ = {isa = PBXBuildFile; fileRef = 2B6D196E2AF1C55B001222E5 /* MovieResponse.swift */; };
		2B6D19712AF1CB77001222E5 /* MovieListResponse.swift in Sources */ = {isa = PBXBuildFile; fileRef = 2B6D19702AF1CB77001222E5 /* MovieListResponse.swift */; };
		2B7B23F42B16500A001FB4BC /* MarkFavoriteRequest.swift in Sources */ = {isa = PBXBuildFile; fileRef = 2B7B23F32B16500A001FB4BC /* MarkFavoriteRequest.swift */; };
		2B7B23F62B1653C3001FB4BC /* TMDBResponse.swift in Sources */ = {isa = PBXBuildFile; fileRef = 2B7B23F52B1653C3001FB4BC /* TMDBResponse.swift */; };
		2B7B23F82B166A73001FB4BC /* MultiResponse.swift in Sources */ = {isa = PBXBuildFile; fileRef = 2B7B23F72B166A73001FB4BC /* MultiResponse.swift */; };
		2B8072AC2AE509B200BE5FC8 /* TMDB Client.swift in Sources */ = {isa = PBXBuildFile; fileRef = 2B8072AB2AE509B200BE5FC8 /* TMDB Client.swift */; };
		2B8B70B22AE263FF00F27652 /* AppDelegate.swift in Sources */ = {isa = PBXBuildFile; fileRef = 2B8B70B12AE263FF00F27652 /* AppDelegate.swift */; };
		2B8B70B42AE263FF00F27652 /* SceneDelegate.swift in Sources */ = {isa = PBXBuildFile; fileRef = 2B8B70B32AE263FF00F27652 /* SceneDelegate.swift */; };
		2B8B70BC2AE263FF00F27652 /* MyFlix.xcdatamodeld in Sources */ = {isa = PBXBuildFile; fileRef = 2B8B70BA2AE263FF00F27652 /* MyFlix.xcdatamodeld */; };
		2B8B70BE2AE2640200F27652 /* Assets.xcassets in Resources */ = {isa = PBXBuildFile; fileRef = 2B8B70BD2AE2640200F27652 /* Assets.xcassets */; };
		2B8B70C12AE2640200F27652 /* LaunchScreen.storyboard in Resources */ = {isa = PBXBuildFile; fileRef = 2B8B70BF2AE2640200F27652 /* LaunchScreen.storyboard */; };
		2B8B70CC2AE2640200F27652 /* MyFlixTests.swift in Sources */ = {isa = PBXBuildFile; fileRef = 2B8B70CB2AE2640200F27652 /* MyFlixTests.swift */; };
		2B8B70D62AE2640200F27652 /* MyFlixUITests.swift in Sources */ = {isa = PBXBuildFile; fileRef = 2B8B70D52AE2640200F27652 /* MyFlixUITests.swift */; };
		2B8B70D82AE2640300F27652 /* MyFlixUITestsLaunchTests.swift in Sources */ = {isa = PBXBuildFile; fileRef = 2B8B70D72AE2640300F27652 /* MyFlixUITestsLaunchTests.swift */; };
		2B8B70E92AE265C400F27652 /* LoginViewController.swift in Sources */ = {isa = PBXBuildFile; fileRef = 2B8B70E82AE265C400F27652 /* LoginViewController.swift */; };
		2B8FDBE02B176C0000494EF6 /* MovieMainViewController.swift in Sources */ = {isa = PBXBuildFile; fileRef = 2B8FDBDF2B176C0000494EF6 /* MovieMainViewController.swift */; };
		2B8FDBE22B176C5F00494EF6 /* MovieTableViewCell.swift in Sources */ = {isa = PBXBuildFile; fileRef = 2B8FDBE12B176C5F00494EF6 /* MovieTableViewCell.swift */; };
		2B8FDBE42B176CAB00494EF6 /* MovieCollectionViewCell.swift in Sources */ = {isa = PBXBuildFile; fileRef = 2B8FDBE32B176CAB00494EF6 /* MovieCollectionViewCell.swift */; };
		2BA2ED432AF079F900416570 /* TabBarViewController.swift in Sources */ = {isa = PBXBuildFile; fileRef = 2BA2ED422AF079F900416570 /* TabBarViewController.swift */; };
		2BA2ED452AF07D4000416570 /* SessionResponse.swift in Sources */ = {isa = PBXBuildFile; fileRef = 2BA2ED442AF07D4000416570 /* SessionResponse.swift */; };
		2BD34ED42AFEF58000AD688E /* DetailViewController.swift in Sources */ = {isa = PBXBuildFile; fileRef = 2BD34ED32AFEF58000AD688E /* DetailViewController.swift */; };
		2BD34ED62AFF018A00AD688E /* SearchTableViewCell.swift in Sources */ = {isa = PBXBuildFile; fileRef = 2BD34ED52AFF018A00AD688E /* SearchTableViewCell.swift */; };
		2BF1E0622B15064D00247132 /* UiView-Helper.swift in Sources */ = {isa = PBXBuildFile; fileRef = 2BF1E0612B15064D00247132 /* UiView-Helper.swift */; };
		2BF1E0642B15127600247132 /* TVResponse.swift in Sources */ = {isa = PBXBuildFile; fileRef = 2BF1E0632B15127600247132 /* TVResponse.swift */; };
		2BF1E0662B15135E00247132 /* TVListResponse.swift in Sources */ = {isa = PBXBuildFile; fileRef = 2BF1E0652B15135E00247132 /* TVListResponse.swift */; };
		2BF1E0682B15237A00247132 /* ActorDetailResponse.swift in Sources */ = {isa = PBXBuildFile; fileRef = 2BF1E0672B15237A00247132 /* ActorDetailResponse.swift */; };
		2BF1E06A2B15284B00247132 /* ActorDetailViewController.swift in Sources */ = {isa = PBXBuildFile; fileRef = 2BF1E0692B15284B00247132 /* ActorDetailViewController.swift */; };
		2BF595BA2AF5C764003388DC /* KeychainManager.swift in Sources */ = {isa = PBXBuildFile; fileRef = 2BF595B92AF5C764003388DC /* KeychainManager.swift */; };
/* End PBXBuildFile section */

/* Begin PBXContainerItemProxy section */
		2B8B70C82AE2640200F27652 /* PBXContainerItemProxy */ = {
			isa = PBXContainerItemProxy;
			containerPortal = 2B8B70A62AE263FF00F27652 /* Project object */;
			proxyType = 1;
			remoteGlobalIDString = 2B8B70AD2AE263FF00F27652;
			remoteInfo = MyFlix;
		};
		2B8B70D22AE2640200F27652 /* PBXContainerItemProxy */ = {
			isa = PBXContainerItemProxy;
			containerPortal = 2B8B70A62AE263FF00F27652 /* Project object */;
			proxyType = 1;
			remoteGlobalIDString = 2B8B70AD2AE263FF00F27652;
			remoteInfo = MyFlix;
		};
/* End PBXContainerItemProxy section */

/* Begin PBXFileReference section */
		2B02AB262AEC65F60000DB4B /* NetworkHelper.swift */ = {isa = PBXFileReference; lastKnownFileType = sourcecode.swift; path = NetworkHelper.swift; sourceTree = "<group>"; };
		2B02AB282AEC6C5B0000DB4B /* RequestTokenResponse.swift */ = {isa = PBXFileReference; lastKnownFileType = sourcecode.swift; path = RequestTokenResponse.swift; sourceTree = "<group>"; };
		2B02AB2A2AEC75DE0000DB4B /* SessionRequest.swift */ = {isa = PBXFileReference; lastKnownFileType = sourcecode.swift; path = SessionRequest.swift; sourceTree = "<group>"; };
		2B02AB2C2AEC7A460000DB4B /* LoginRequest.swift */ = {isa = PBXFileReference; lastKnownFileType = sourcecode.swift; path = LoginRequest.swift; sourceTree = "<group>"; };
		2B02AB2E2AEC7E830000DB4B /* TMDB.swift */ = {isa = PBXFileReference; lastKnownFileType = sourcecode.swift; path = TMDB.swift; sourceTree = "<group>"; };
		2B3523D02B14AFBD0029733D /* ActorCollectionViewCell.swift */ = {isa = PBXFileReference; lastKnownFileType = sourcecode.swift; path = ActorCollectionViewCell.swift; sourceTree = "<group>"; };
		2B3704C12B2BB6DF00101808 /* LogoutRequest.swift */ = {isa = PBXFileReference; lastKnownFileType = sourcecode.swift; path = LogoutRequest.swift; sourceTree = "<group>"; };
		2B3704C32B2BBBCD00101808 /* SIGNBOAR.ttf */ = {isa = PBXFileReference; lastKnownFileType = file; path = SIGNBOAR.ttf; sourceTree = "<group>"; };
		2B4669862B0FCD5300DAA2C6 /* MovieCreditResponse.swift */ = {isa = PBXFileReference; lastKnownFileType = sourcecode.swift; path = MovieCreditResponse.swift; sourceTree = "<group>"; };
		2B6A8E442AE8775E006A18D3 /* Switcher.swift */ = {isa = PBXFileReference; lastKnownFileType = sourcecode.swift; path = Switcher.swift; sourceTree = "<group>"; };
		2B6A8E462AE878D2006A18D3 /* SearchViewController.swift */ = {isa = PBXFileReference; lastKnownFileType = sourcecode.swift; path = SearchViewController.swift; sourceTree = "<group>"; };
		2B6BF01A2B1FAE4800DAAD23 /* Base */ = {isa = PBXFileReference; lastKnownFileType = file.storyboard; name = Base; path = Base.lproj/Main.storyboard; sourceTree = "<group>"; };
		2B6BF01C2B1FBA0500DAAD23 /* MoreViewController.swift */ = {isa = PBXFileReference; lastKnownFileType = sourcecode.swift; path = MoreViewController.swift; sourceTree = "<group>"; };
		2B6BF01E2B1FBE3E00DAAD23 /* ProfileResponse.swift */ = {isa = PBXFileReference; lastKnownFileType = sourcecode.swift; path = ProfileResponse.swift; sourceTree = "<group>"; };
		2B6BF0202B1FC4E800DAAD23 /* ProfileTableViewCell.swift */ = {isa = PBXFileReference; lastKnownFileType = sourcecode.swift; path = ProfileTableViewCell.swift; sourceTree = "<group>"; };
		2B6BF0222B1FC70100DAAD23 /* UserListsResponse.swift */ = {isa = PBXFileReference; lastKnownFileType = sourcecode.swift; path = UserListsResponse.swift; sourceTree = "<group>"; };
		2B6D19682AF1C275001222E5 /* FavoritesViewController.swift */ = {isa = PBXFileReference; lastKnownFileType = sourcecode.swift; path = FavoritesViewController.swift; sourceTree = "<group>"; };
		2B6D196A2AF1C288001222E5 /* WatchlistViewController.swift */ = {isa = PBXFileReference; lastKnownFileType = sourcecode.swift; path = WatchlistViewController.swift; sourceTree = "<group>"; };
		2B6D196C2AF1C422001222E5 /* MovieData.swift */ = {isa = PBXFileReference; lastKnownFileType = sourcecode.swift; path = MovieData.swift; sourceTree = "<group>"; };
		2B6D196E2AF1C55B001222E5 /* MovieResponse.swift */ = {isa = PBXFileReference; lastKnownFileType = sourcecode.swift; path = MovieResponse.swift; sourceTree = "<group>"; };
		2B6D19702AF1CB77001222E5 /* MovieListResponse.swift */ = {isa = PBXFileReference; lastKnownFileType = sourcecode.swift; path = MovieListResponse.swift; sourceTree = "<group>"; };
		2B7B23F32B16500A001FB4BC /* MarkFavoriteRequest.swift */ = {isa = PBXFileReference; lastKnownFileType = sourcecode.swift; path = MarkFavoriteRequest.swift; sourceTree = "<group>"; };
		2B7B23F52B1653C3001FB4BC /* TMDBResponse.swift */ = {isa = PBXFileReference; lastKnownFileType = sourcecode.swift; path = TMDBResponse.swift; sourceTree = "<group>"; };
		2B7B23F72B166A73001FB4BC /* MultiResponse.swift */ = {isa = PBXFileReference; lastKnownFileType = sourcecode.swift; path = MultiResponse.swift; sourceTree = "<group>"; };
		2B8072AB2AE509B200BE5FC8 /* TMDB Client.swift */ = {isa = PBXFileReference; lastKnownFileType = sourcecode.swift; path = "TMDB Client.swift"; sourceTree = "<group>"; };
		2B8B70AE2AE263FF00F27652 /* MyFlix.app */ = {isa = PBXFileReference; explicitFileType = wrapper.application; includeInIndex = 0; path = MyFlix.app; sourceTree = BUILT_PRODUCTS_DIR; };
		2B8B70B12AE263FF00F27652 /* AppDelegate.swift */ = {isa = PBXFileReference; lastKnownFileType = sourcecode.swift; path = AppDelegate.swift; sourceTree = "<group>"; };
		2B8B70B32AE263FF00F27652 /* SceneDelegate.swift */ = {isa = PBXFileReference; lastKnownFileType = sourcecode.swift; path = SceneDelegate.swift; sourceTree = "<group>"; };
		2B8B70BB2AE263FF00F27652 /* MyFlix.xcdatamodel */ = {isa = PBXFileReference; lastKnownFileType = wrapper.xcdatamodel; path = MyFlix.xcdatamodel; sourceTree = "<group>"; };
		2B8B70BD2AE2640200F27652 /* Assets.xcassets */ = {isa = PBXFileReference; lastKnownFileType = folder.assetcatalog; path = Assets.xcassets; sourceTree = "<group>"; };
		2B8B70C02AE2640200F27652 /* Base */ = {isa = PBXFileReference; lastKnownFileType = file.storyboard; name = Base; path = Base.lproj/LaunchScreen.storyboard; sourceTree = "<group>"; };
		2B8B70C22AE2640200F27652 /* Info.plist */ = {isa = PBXFileReference; lastKnownFileType = text.plist.xml; path = Info.plist; sourceTree = "<group>"; };
		2B8B70C72AE2640200F27652 /* MyFlixTests.xctest */ = {isa = PBXFileReference; explicitFileType = wrapper.cfbundle; includeInIndex = 0; path = MyFlixTests.xctest; sourceTree = BUILT_PRODUCTS_DIR; };
		2B8B70CB2AE2640200F27652 /* MyFlixTests.swift */ = {isa = PBXFileReference; lastKnownFileType = sourcecode.swift; path = MyFlixTests.swift; sourceTree = "<group>"; };
		2B8B70D12AE2640200F27652 /* MyFlixUITests.xctest */ = {isa = PBXFileReference; explicitFileType = wrapper.cfbundle; includeInIndex = 0; path = MyFlixUITests.xctest; sourceTree = BUILT_PRODUCTS_DIR; };
		2B8B70D52AE2640200F27652 /* MyFlixUITests.swift */ = {isa = PBXFileReference; lastKnownFileType = sourcecode.swift; path = MyFlixUITests.swift; sourceTree = "<group>"; };
		2B8B70D72AE2640300F27652 /* MyFlixUITestsLaunchTests.swift */ = {isa = PBXFileReference; lastKnownFileType = sourcecode.swift; path = MyFlixUITestsLaunchTests.swift; sourceTree = "<group>"; };
		2B8B70E82AE265C400F27652 /* LoginViewController.swift */ = {isa = PBXFileReference; lastKnownFileType = sourcecode.swift; path = LoginViewController.swift; sourceTree = "<group>"; };
		2B8FDBDF2B176C0000494EF6 /* MovieMainViewController.swift */ = {isa = PBXFileReference; lastKnownFileType = sourcecode.swift; path = MovieMainViewController.swift; sourceTree = "<group>"; };
		2B8FDBE12B176C5F00494EF6 /* MovieTableViewCell.swift */ = {isa = PBXFileReference; lastKnownFileType = sourcecode.swift; path = MovieTableViewCell.swift; sourceTree = "<group>"; };
		2B8FDBE32B176CAB00494EF6 /* MovieCollectionViewCell.swift */ = {isa = PBXFileReference; lastKnownFileType = sourcecode.swift; path = MovieCollectionViewCell.swift; sourceTree = "<group>"; };
		2BA2ED422AF079F900416570 /* TabBarViewController.swift */ = {isa = PBXFileReference; lastKnownFileType = sourcecode.swift; path = TabBarViewController.swift; sourceTree = "<group>"; };
		2BA2ED442AF07D4000416570 /* SessionResponse.swift */ = {isa = PBXFileReference; lastKnownFileType = sourcecode.swift; path = SessionResponse.swift; sourceTree = "<group>"; };
		2BD34ED32AFEF58000AD688E /* DetailViewController.swift */ = {isa = PBXFileReference; lastKnownFileType = sourcecode.swift; path = DetailViewController.swift; sourceTree = "<group>"; };
		2BD34ED52AFF018A00AD688E /* SearchTableViewCell.swift */ = {isa = PBXFileReference; lastKnownFileType = sourcecode.swift; path = SearchTableViewCell.swift; sourceTree = "<group>"; };
		2BF1E0612B15064D00247132 /* UiView-Helper.swift */ = {isa = PBXFileReference; lastKnownFileType = sourcecode.swift; path = "UiView-Helper.swift"; sourceTree = "<group>"; };
		2BF1E0632B15127600247132 /* TVResponse.swift */ = {isa = PBXFileReference; lastKnownFileType = sourcecode.swift; path = TVResponse.swift; sourceTree = "<group>"; };
		2BF1E0652B15135E00247132 /* TVListResponse.swift */ = {isa = PBXFileReference; lastKnownFileType = sourcecode.swift; path = TVListResponse.swift; sourceTree = "<group>"; };
		2BF1E0672B15237A00247132 /* ActorDetailResponse.swift */ = {isa = PBXFileReference; lastKnownFileType = sourcecode.swift; path = ActorDetailResponse.swift; sourceTree = "<group>"; };
		2BF1E0692B15284B00247132 /* ActorDetailViewController.swift */ = {isa = PBXFileReference; lastKnownFileType = sourcecode.swift; path = ActorDetailViewController.swift; sourceTree = "<group>"; };
		2BF595B92AF5C764003388DC /* KeychainManager.swift */ = {isa = PBXFileReference; lastKnownFileType = sourcecode.swift; path = KeychainManager.swift; sourceTree = "<group>"; };
/* End PBXFileReference section */

/* Begin PBXFrameworksBuildPhase section */
		2B8B70AB2AE263FF00F27652 /* Frameworks */ = {
			isa = PBXFrameworksBuildPhase;
			buildActionMask = 2147483647;
			files = (
			);
			runOnlyForDeploymentPostprocessing = 0;
		};
		2B8B70C42AE2640200F27652 /* Frameworks */ = {
			isa = PBXFrameworksBuildPhase;
			buildActionMask = 2147483647;
			files = (
			);
			runOnlyForDeploymentPostprocessing = 0;
		};
		2B8B70CE2AE2640200F27652 /* Frameworks */ = {
			isa = PBXFrameworksBuildPhase;
			buildActionMask = 2147483647;
			files = (
			);
			runOnlyForDeploymentPostprocessing = 0;
		};
/* End PBXFrameworksBuildPhase section */

/* Begin PBXGroup section */
		2B6A8E432AE8773A006A18D3 /* Helpers */ = {
			isa = PBXGroup;
			children = (
				2B6A8E442AE8775E006A18D3 /* Switcher.swift */,
				2B02AB262AEC65F60000DB4B /* NetworkHelper.swift */,
				2BF595B92AF5C764003388DC /* KeychainManager.swift */,
				2BF1E0612B15064D00247132 /* UiView-Helper.swift */,
			);
			path = Helpers;
			sourceTree = "<group>";
		};
		2B8072A72AE5093300BE5FC8 /* Data */ = {
			isa = PBXGroup;
			children = (
				2B6D196C2AF1C422001222E5 /* MovieData.swift */,
			);
			path = Data;
			sourceTree = "<group>";
		};
		2B8072A82AE5094C00BE5FC8 /* TMDB Client */ = {
			isa = PBXGroup;
			children = (
				2B8072AB2AE509B200BE5FC8 /* TMDB Client.swift */,
				2B02AB2E2AEC7E830000DB4B /* TMDB.swift */,
			);
			path = "TMDB Client";
			sourceTree = "<group>";
		};
		2B8072A92AE5095900BE5FC8 /* TMDB Requests */ = {
			isa = PBXGroup;
			children = (
				2B02AB2A2AEC75DE0000DB4B /* SessionRequest.swift */,
				2B02AB2C2AEC7A460000DB4B /* LoginRequest.swift */,
				2B7B23F32B16500A001FB4BC /* MarkFavoriteRequest.swift */,
				2B3704C12B2BB6DF00101808 /* LogoutRequest.swift */,
			);
			path = "TMDB Requests";
			sourceTree = "<group>";
		};
		2B8072AA2AE5096B00BE5FC8 /* TMDB Response */ = {
			isa = PBXGroup;
			children = (
				2B02AB282AEC6C5B0000DB4B /* RequestTokenResponse.swift */,
				2BA2ED442AF07D4000416570 /* SessionResponse.swift */,
				2B6D196E2AF1C55B001222E5 /* MovieResponse.swift */,
				2B4669862B0FCD5300DAA2C6 /* MovieCreditResponse.swift */,
				2B6D19702AF1CB77001222E5 /* MovieListResponse.swift */,
				2BF1E0632B15127600247132 /* TVResponse.swift */,
				2BF1E0652B15135E00247132 /* TVListResponse.swift */,
				2BF1E0672B15237A00247132 /* ActorDetailResponse.swift */,
				2B7B23F52B1653C3001FB4BC /* TMDBResponse.swift */,
				2B7B23F72B166A73001FB4BC /* MultiResponse.swift */,
				2B6BF01E2B1FBE3E00DAAD23 /* ProfileResponse.swift */,
				2B6BF0222B1FC70100DAAD23 /* UserListsResponse.swift */,
			);
			path = "TMDB Response";
			sourceTree = "<group>";
		};
		2B8B70A52AE263FF00F27652 = {
			isa = PBXGroup;
			children = (
				2B8B70B02AE263FF00F27652 /* MyFlix */,
				2B8B70CA2AE2640200F27652 /* MyFlixTests */,
				2B8B70D42AE2640200F27652 /* MyFlixUITests */,
				2B8B70AF2AE263FF00F27652 /* Products */,
			);
			sourceTree = "<group>";
		};
		2B8B70AF2AE263FF00F27652 /* Products */ = {
			isa = PBXGroup;
			children = (
				2B8B70AE2AE263FF00F27652 /* MyFlix.app */,
				2B8B70C72AE2640200F27652 /* MyFlixTests.xctest */,
				2B8B70D12AE2640200F27652 /* MyFlixUITests.xctest */,
			);
			name = Products;
			sourceTree = "<group>";
		};
		2B8B70B02AE263FF00F27652 /* MyFlix */ = {
			isa = PBXGroup;
			children = (
				2B8B70B12AE263FF00F27652 /* AppDelegate.swift */,
				2B8B70B32AE263FF00F27652 /* SceneDelegate.swift */,
				2B8B70C22AE2640200F27652 /* Info.plist */,
				2B8B70BA2AE263FF00F27652 /* MyFlix.xcdatamodeld */,
				2B6A8E432AE8773A006A18D3 /* Helpers */,
				2B8B70E72AE2651E00F27652 /* Assets */,
				2B8B70E62AE2650700F27652 /* Controller */,
				2B8B70E52AE264FD00F27652 /* View */,
				2B8B70E42AE264E400F27652 /* Model */,
			);
			path = MyFlix;
			sourceTree = "<group>";
		};
		2B8B70CA2AE2640200F27652 /* MyFlixTests */ = {
			isa = PBXGroup;
			children = (
				2B8B70CB2AE2640200F27652 /* MyFlixTests.swift */,
			);
			path = MyFlixTests;
			sourceTree = "<group>";
		};
		2B8B70D42AE2640200F27652 /* MyFlixUITests */ = {
			isa = PBXGroup;
			children = (
				2B8B70D52AE2640200F27652 /* MyFlixUITests.swift */,
				2B8B70D72AE2640300F27652 /* MyFlixUITestsLaunchTests.swift */,
			);
			path = MyFlixUITests;
			sourceTree = "<group>";
		};
		2B8B70E42AE264E400F27652 /* Model */ = {
			isa = PBXGroup;
			children = (
				2B8072AA2AE5096B00BE5FC8 /* TMDB Response */,
				2B8072A92AE5095900BE5FC8 /* TMDB Requests */,
				2B8072A82AE5094C00BE5FC8 /* TMDB Client */,
				2B8072A72AE5093300BE5FC8 /* Data */,
			);
			path = Model;
			sourceTree = "<group>";
		};
		2B8B70E52AE264FD00F27652 /* View */ = {
			isa = PBXGroup;
			children = (
				2BD34ED52AFF018A00AD688E /* SearchTableViewCell.swift */,
				2B3523D02B14AFBD0029733D /* ActorCollectionViewCell.swift */,
				2B8FDBE12B176C5F00494EF6 /* MovieTableViewCell.swift */,
				2B8FDBE32B176CAB00494EF6 /* MovieCollectionViewCell.swift */,
				2B6BF0202B1FC4E800DAAD23 /* ProfileTableViewCell.swift */,
			);
			path = View;
			sourceTree = "<group>";
		};
		2B8B70E62AE2650700F27652 /* Controller */ = {
			isa = PBXGroup;
			children = (
				2B8B70E82AE265C400F27652 /* LoginViewController.swift */,
				2B6A8E462AE878D2006A18D3 /* SearchViewController.swift */,
				2BD34ED32AFEF58000AD688E /* DetailViewController.swift */,
				2BA2ED422AF079F900416570 /* TabBarViewController.swift */,
				2B6D19682AF1C275001222E5 /* FavoritesViewController.swift */,
				2B6D196A2AF1C288001222E5 /* WatchlistViewController.swift */,
				2BF1E0692B15284B00247132 /* ActorDetailViewController.swift */,
				2B8FDBDF2B176C0000494EF6 /* MovieMainViewController.swift */,
				2B6BF01C2B1FBA0500DAAD23 /* MoreViewController.swift */,
			);
			path = Controller;
			sourceTree = "<group>";
		};
		2B8B70E72AE2651E00F27652 /* Assets */ = {
			isa = PBXGroup;
			children = (
				2B8B70BD2AE2640200F27652 /* Assets.xcassets */,
				2B3704C32B2BBBCD00101808 /* SIGNBOAR.ttf */,
				2B8B70BF2AE2640200F27652 /* LaunchScreen.storyboard */,
				2B6BF01B2B1FAE4800DAAD23 /* Main.storyboard */,
			);
			path = Assets;
			sourceTree = "<group>";
		};
/* End PBXGroup section */

/* Begin PBXNativeTarget section */
		2B8B70AD2AE263FF00F27652 /* MyFlix */ = {
			isa = PBXNativeTarget;
			buildConfigurationList = 2B8B70DB2AE2640300F27652 /* Build configuration list for PBXNativeTarget "MyFlix" */;
			buildPhases = (
				2B8B70AA2AE263FF00F27652 /* Sources */,
				2B8B70AB2AE263FF00F27652 /* Frameworks */,
				2B8B70AC2AE263FF00F27652 /* Resources */,
			);
			buildRules = (
			);
			dependencies = (
			);
			name = MyFlix;
			productName = MyFlix;
			productReference = 2B8B70AE2AE263FF00F27652 /* MyFlix.app */;
			productType = "com.apple.product-type.application";
		};
		2B8B70C62AE2640200F27652 /* MyFlixTests */ = {
			isa = PBXNativeTarget;
			buildConfigurationList = 2B8B70DE2AE2640300F27652 /* Build configuration list for PBXNativeTarget "MyFlixTests" */;
			buildPhases = (
				2B8B70C32AE2640200F27652 /* Sources */,
				2B8B70C42AE2640200F27652 /* Frameworks */,
				2B8B70C52AE2640200F27652 /* Resources */,
			);
			buildRules = (
			);
			dependencies = (
				2B8B70C92AE2640200F27652 /* PBXTargetDependency */,
			);
			name = MyFlixTests;
			productName = MyFlixTests;
			productReference = 2B8B70C72AE2640200F27652 /* MyFlixTests.xctest */;
			productType = "com.apple.product-type.bundle.unit-test";
		};
		2B8B70D02AE2640200F27652 /* MyFlixUITests */ = {
			isa = PBXNativeTarget;
			buildConfigurationList = 2B8B70E12AE2640300F27652 /* Build configuration list for PBXNativeTarget "MyFlixUITests" */;
			buildPhases = (
				2B8B70CD2AE2640200F27652 /* Sources */,
				2B8B70CE2AE2640200F27652 /* Frameworks */,
				2B8B70CF2AE2640200F27652 /* Resources */,
			);
			buildRules = (
			);
			dependencies = (
				2B8B70D32AE2640200F27652 /* PBXTargetDependency */,
			);
			name = MyFlixUITests;
			productName = MyFlixUITests;
			productReference = 2B8B70D12AE2640200F27652 /* MyFlixUITests.xctest */;
			productType = "com.apple.product-type.bundle.ui-testing";
		};
/* End PBXNativeTarget section */

/* Begin PBXProject section */
		2B8B70A62AE263FF00F27652 /* Project object */ = {
			isa = PBXProject;
			attributes = {
				BuildIndependentTargetsInParallel = 1;
				LastSwiftUpdateCheck = 1420;
				LastUpgradeCheck = 1420;
				TargetAttributes = {
					2B8B70AD2AE263FF00F27652 = {
						CreatedOnToolsVersion = 14.2;
					};
					2B8B70C62AE2640200F27652 = {
						CreatedOnToolsVersion = 14.2;
						TestTargetID = 2B8B70AD2AE263FF00F27652;
					};
					2B8B70D02AE2640200F27652 = {
						CreatedOnToolsVersion = 14.2;
						TestTargetID = 2B8B70AD2AE263FF00F27652;
					};
				};
			};
			buildConfigurationList = 2B8B70A92AE263FF00F27652 /* Build configuration list for PBXProject "MyFlix" */;
			compatibilityVersion = "Xcode 14.0";
			developmentRegion = en;
			hasScannedForEncodings = 0;
			knownRegions = (
				en,
				Base,
			);
			mainGroup = 2B8B70A52AE263FF00F27652;
			productRefGroup = 2B8B70AF2AE263FF00F27652 /* Products */;
			projectDirPath = "";
			projectRoot = "";
			targets = (
				2B8B70AD2AE263FF00F27652 /* MyFlix */,
				2B8B70C62AE2640200F27652 /* MyFlixTests */,
				2B8B70D02AE2640200F27652 /* MyFlixUITests */,
			);
		};
/* End PBXProject section */

/* Begin PBXResourcesBuildPhase section */
		2B8B70AC2AE263FF00F27652 /* Resources */ = {
			isa = PBXResourcesBuildPhase;
			buildActionMask = 2147483647;
			files = (
				2B8B70C12AE2640200F27652 /* LaunchScreen.storyboard in Resources */,
				2B3704C42B2BBC4500101808 /* SIGNBOAR.ttf in Resources */,
				2B8B70BE2AE2640200F27652 /* Assets.xcassets in Resources */,
				2B6BF0192B1FAE4800DAAD23 /* Main.storyboard in Resources */,
			);
			runOnlyForDeploymentPostprocessing = 0;
		};
		2B8B70C52AE2640200F27652 /* Resources */ = {
			isa = PBXResourcesBuildPhase;
			buildActionMask = 2147483647;
			files = (
			);
			runOnlyForDeploymentPostprocessing = 0;
		};
		2B8B70CF2AE2640200F27652 /* Resources */ = {
			isa = PBXResourcesBuildPhase;
			buildActionMask = 2147483647;
			files = (
			);
			runOnlyForDeploymentPostprocessing = 0;
		};
/* End PBXResourcesBuildPhase section */

/* Begin PBXSourcesBuildPhase section */
		2B8B70AA2AE263FF00F27652 /* Sources */ = {
			isa = PBXSourcesBuildPhase;
			buildActionMask = 2147483647;
			files = (
				2B6BF01F2B1FBE3E00DAAD23 /* ProfileResponse.swift in Sources */,
				2B8FDBE22B176C5F00494EF6 /* MovieTableViewCell.swift in Sources */,
				2B6D19712AF1CB77001222E5 /* MovieListResponse.swift in Sources */,
				2B02AB2B2AEC75DE0000DB4B /* SessionRequest.swift in Sources */,
				2B8B70E92AE265C400F27652 /* LoginViewController.swift in Sources */,
				2B4669872B0FCD5300DAA2C6 /* MovieCreditResponse.swift in Sources */,
				2B6D196F2AF1C55B001222E5 /* MovieResponse.swift in Sources */,
				2B6BF0212B1FC4E800DAAD23 /* ProfileTableViewCell.swift in Sources */,
				2B8FDBE02B176C0000494EF6 /* MovieMainViewController.swift in Sources */,
				2B6A8E472AE878D2006A18D3 /* SearchViewController.swift in Sources */,
				2BF1E0622B15064D00247132 /* UiView-Helper.swift in Sources */,
				2B6BF01D2B1FBA0500DAAD23 /* MoreViewController.swift in Sources */,
				2BA2ED452AF07D4000416570 /* SessionResponse.swift in Sources */,
				2B7B23F82B166A73001FB4BC /* MultiResponse.swift in Sources */,
				2BD34ED42AFEF58000AD688E /* DetailViewController.swift in Sources */,
				2B8072AC2AE509B200BE5FC8 /* TMDB Client.swift in Sources */,
				2B02AB2F2AEC7E830000DB4B /* TMDB.swift in Sources */,
				2BF1E0682B15237A00247132 /* ActorDetailResponse.swift in Sources */,
				2B6A8E452AE8775E006A18D3 /* Switcher.swift in Sources */,
				2B02AB272AEC65F60000DB4B /* NetworkHelper.swift in Sources */,
				2B6D196D2AF1C422001222E5 /* MovieData.swift in Sources */,
				2B8B70BC2AE263FF00F27652 /* MyFlix.xcdatamodeld in Sources */,
				2B7B23F42B16500A001FB4BC /* MarkFavoriteRequest.swift in Sources */,
				2B8B70B22AE263FF00F27652 /* AppDelegate.swift in Sources */,
				2BF1E0662B15135E00247132 /* TVListResponse.swift in Sources */,
				2B3704C22B2BB6DF00101808 /* LogoutRequest.swift in Sources */,
				2B6D196B2AF1C288001222E5 /* WatchlistViewController.swift in Sources */,
				2BF1E06A2B15284B00247132 /* ActorDetailViewController.swift in Sources */,
				2B3523D12B14AFBD0029733D /* ActorCollectionViewCell.swift in Sources */,
				2BD34ED62AFF018A00AD688E /* SearchTableViewCell.swift in Sources */,
				2B02AB292AEC6C5B0000DB4B /* RequestTokenResponse.swift in Sources */,
				2BA2ED432AF079F900416570 /* TabBarViewController.swift in Sources */,
				2B8B70B42AE263FF00F27652 /* SceneDelegate.swift in Sources */,
				2B6BF0232B1FC70100DAAD23 /* UserListsResponse.swift in Sources */,
				2BF1E0642B15127600247132 /* TVResponse.swift in Sources */,
				2B6D19692AF1C275001222E5 /* FavoritesViewController.swift in Sources */,
				2B02AB2D2AEC7A460000DB4B /* LoginRequest.swift in Sources */,
				2B8FDBE42B176CAB00494EF6 /* MovieCollectionViewCell.swift in Sources */,
				2BF595BA2AF5C764003388DC /* KeychainManager.swift in Sources */,
				2B7B23F62B1653C3001FB4BC /* TMDBResponse.swift in Sources */,
			);
			runOnlyForDeploymentPostprocessing = 0;
		};
		2B8B70C32AE2640200F27652 /* Sources */ = {
			isa = PBXSourcesBuildPhase;
			buildActionMask = 2147483647;
			files = (
				2B8B70CC2AE2640200F27652 /* MyFlixTests.swift in Sources */,
			);
			runOnlyForDeploymentPostprocessing = 0;
		};
		2B8B70CD2AE2640200F27652 /* Sources */ = {
			isa = PBXSourcesBuildPhase;
			buildActionMask = 2147483647;
			files = (
				2B8B70D62AE2640200F27652 /* MyFlixUITests.swift in Sources */,
				2B8B70D82AE2640300F27652 /* MyFlixUITestsLaunchTests.swift in Sources */,
			);
			runOnlyForDeploymentPostprocessing = 0;
		};
/* End PBXSourcesBuildPhase section */

/* Begin PBXTargetDependency section */
		2B8B70C92AE2640200F27652 /* PBXTargetDependency */ = {
			isa = PBXTargetDependency;
			target = 2B8B70AD2AE263FF00F27652 /* MyFlix */;
			targetProxy = 2B8B70C82AE2640200F27652 /* PBXContainerItemProxy */;
		};
		2B8B70D32AE2640200F27652 /* PBXTargetDependency */ = {
			isa = PBXTargetDependency;
			target = 2B8B70AD2AE263FF00F27652 /* MyFlix */;
			targetProxy = 2B8B70D22AE2640200F27652 /* PBXContainerItemProxy */;
		};
/* End PBXTargetDependency section */

/* Begin PBXVariantGroup section */
		2B6BF01B2B1FAE4800DAAD23 /* Main.storyboard */ = {
			isa = PBXVariantGroup;
			children = (
				2B6BF01A2B1FAE4800DAAD23 /* Base */,
			);
			name = Main.storyboard;
			sourceTree = "<group>";
		};
		2B8B70BF2AE2640200F27652 /* LaunchScreen.storyboard */ = {
			isa = PBXVariantGroup;
			children = (
				2B8B70C02AE2640200F27652 /* Base */,
			);
			name = LaunchScreen.storyboard;
			sourceTree = "<group>";
		};
/* End PBXVariantGroup section */

/* Begin XCBuildConfiguration section */
		2B8B70D92AE2640300F27652 /* Debug */ = {
			isa = XCBuildConfiguration;
			buildSettings = {
				ALWAYS_SEARCH_USER_PATHS = NO;
				CLANG_ANALYZER_NONNULL = YES;
				CLANG_ANALYZER_NUMBER_OBJECT_CONVERSION = YES_AGGRESSIVE;
				CLANG_CXX_LANGUAGE_STANDARD = "gnu++20";
				CLANG_ENABLE_MODULES = YES;
				CLANG_ENABLE_OBJC_ARC = YES;
				CLANG_ENABLE_OBJC_WEAK = YES;
				CLANG_WARN_BLOCK_CAPTURE_AUTORELEASING = YES;
				CLANG_WARN_BOOL_CONVERSION = YES;
				CLANG_WARN_COMMA = YES;
				CLANG_WARN_CONSTANT_CONVERSION = YES;
				CLANG_WARN_DEPRECATED_OBJC_IMPLEMENTATIONS = YES;
				CLANG_WARN_DIRECT_OBJC_ISA_USAGE = YES_ERROR;
				CLANG_WARN_DOCUMENTATION_COMMENTS = YES;
				CLANG_WARN_EMPTY_BODY = YES;
				CLANG_WARN_ENUM_CONVERSION = YES;
				CLANG_WARN_INFINITE_RECURSION = YES;
				CLANG_WARN_INT_CONVERSION = YES;
				CLANG_WARN_NON_LITERAL_NULL_CONVERSION = YES;
				CLANG_WARN_OBJC_IMPLICIT_RETAIN_SELF = YES;
				CLANG_WARN_OBJC_LITERAL_CONVERSION = YES;
				CLANG_WARN_OBJC_ROOT_CLASS = YES_ERROR;
				CLANG_WARN_QUOTED_INCLUDE_IN_FRAMEWORK_HEADER = YES;
				CLANG_WARN_RANGE_LOOP_ANALYSIS = YES;
				CLANG_WARN_STRICT_PROTOTYPES = YES;
				CLANG_WARN_SUSPICIOUS_MOVE = YES;
				CLANG_WARN_UNGUARDED_AVAILABILITY = YES_AGGRESSIVE;
				CLANG_WARN_UNREACHABLE_CODE = YES;
				CLANG_WARN__DUPLICATE_METHOD_MATCH = YES;
				COPY_PHASE_STRIP = NO;
				DEBUG_INFORMATION_FORMAT = dwarf;
				ENABLE_STRICT_OBJC_MSGSEND = YES;
				ENABLE_TESTABILITY = YES;
				GCC_C_LANGUAGE_STANDARD = gnu11;
				GCC_DYNAMIC_NO_PIC = NO;
				GCC_NO_COMMON_BLOCKS = YES;
				GCC_OPTIMIZATION_LEVEL = 0;
				GCC_PREPROCESSOR_DEFINITIONS = (
					"DEBUG=1",
					"$(inherited)",
				);
				GCC_WARN_64_TO_32_BIT_CONVERSION = YES;
				GCC_WARN_ABOUT_RETURN_TYPE = YES_ERROR;
				GCC_WARN_UNDECLARED_SELECTOR = YES;
				GCC_WARN_UNINITIALIZED_AUTOS = YES_AGGRESSIVE;
				GCC_WARN_UNUSED_FUNCTION = YES;
				GCC_WARN_UNUSED_VARIABLE = YES;
				IPHONEOS_DEPLOYMENT_TARGET = 16.2;
				MTL_ENABLE_DEBUG_INFO = INCLUDE_SOURCE;
				MTL_FAST_MATH = YES;
				ONLY_ACTIVE_ARCH = YES;
				SDKROOT = iphoneos;
				SWIFT_ACTIVE_COMPILATION_CONDITIONS = DEBUG;
				SWIFT_OPTIMIZATION_LEVEL = "-Onone";
			};
			name = Debug;
		};
		2B8B70DA2AE2640300F27652 /* Release */ = {
			isa = XCBuildConfiguration;
			buildSettings = {
				ALWAYS_SEARCH_USER_PATHS = NO;
				CLANG_ANALYZER_NONNULL = YES;
				CLANG_ANALYZER_NUMBER_OBJECT_CONVERSION = YES_AGGRESSIVE;
				CLANG_CXX_LANGUAGE_STANDARD = "gnu++20";
				CLANG_ENABLE_MODULES = YES;
				CLANG_ENABLE_OBJC_ARC = YES;
				CLANG_ENABLE_OBJC_WEAK = YES;
				CLANG_WARN_BLOCK_CAPTURE_AUTORELEASING = YES;
				CLANG_WARN_BOOL_CONVERSION = YES;
				CLANG_WARN_COMMA = YES;
				CLANG_WARN_CONSTANT_CONVERSION = YES;
				CLANG_WARN_DEPRECATED_OBJC_IMPLEMENTATIONS = YES;
				CLANG_WARN_DIRECT_OBJC_ISA_USAGE = YES_ERROR;
				CLANG_WARN_DOCUMENTATION_COMMENTS = YES;
				CLANG_WARN_EMPTY_BODY = YES;
				CLANG_WARN_ENUM_CONVERSION = YES;
				CLANG_WARN_INFINITE_RECURSION = YES;
				CLANG_WARN_INT_CONVERSION = YES;
				CLANG_WARN_NON_LITERAL_NULL_CONVERSION = YES;
				CLANG_WARN_OBJC_IMPLICIT_RETAIN_SELF = YES;
				CLANG_WARN_OBJC_LITERAL_CONVERSION = YES;
				CLANG_WARN_OBJC_ROOT_CLASS = YES_ERROR;
				CLANG_WARN_QUOTED_INCLUDE_IN_FRAMEWORK_HEADER = YES;
				CLANG_WARN_RANGE_LOOP_ANALYSIS = YES;
				CLANG_WARN_STRICT_PROTOTYPES = YES;
				CLANG_WARN_SUSPICIOUS_MOVE = YES;
				CLANG_WARN_UNGUARDED_AVAILABILITY = YES_AGGRESSIVE;
				CLANG_WARN_UNREACHABLE_CODE = YES;
				CLANG_WARN__DUPLICATE_METHOD_MATCH = YES;
				COPY_PHASE_STRIP = NO;
				DEBUG_INFORMATION_FORMAT = "dwarf-with-dsym";
				ENABLE_NS_ASSERTIONS = NO;
				ENABLE_STRICT_OBJC_MSGSEND = YES;
				GCC_C_LANGUAGE_STANDARD = gnu11;
				GCC_NO_COMMON_BLOCKS = YES;
				GCC_WARN_64_TO_32_BIT_CONVERSION = YES;
				GCC_WARN_ABOUT_RETURN_TYPE = YES_ERROR;
				GCC_WARN_UNDECLARED_SELECTOR = YES;
				GCC_WARN_UNINITIALIZED_AUTOS = YES_AGGRESSIVE;
				GCC_WARN_UNUSED_FUNCTION = YES;
				GCC_WARN_UNUSED_VARIABLE = YES;
				IPHONEOS_DEPLOYMENT_TARGET = 16.2;
				MTL_ENABLE_DEBUG_INFO = NO;
				MTL_FAST_MATH = YES;
				SDKROOT = iphoneos;
				SWIFT_COMPILATION_MODE = wholemodule;
				SWIFT_OPTIMIZATION_LEVEL = "-O";
				VALIDATE_PRODUCT = YES;
			};
			name = Release;
		};
		2B8B70DC2AE2640300F27652 /* Debug */ = {
			isa = XCBuildConfiguration;
			buildSettings = {
				ASSETCATALOG_COMPILER_APPICON_NAME = AppIcon;
				ASSETCATALOG_COMPILER_GLOBAL_ACCENT_COLOR_NAME = AccentColor;
				CODE_SIGN_STYLE = Automatic;
				CURRENT_PROJECT_VERSION = 1;
				DEVELOPMENT_TEAM = 8R567J3WC5;
				GENERATE_INFOPLIST_FILE = YES;
				INFOPLIST_FILE = MyFlix/Info.plist;
				INFOPLIST_KEY_UIApplicationSupportsIndirectInputEvents = YES;
				INFOPLIST_KEY_UILaunchStoryboardName = LaunchScreen;
				INFOPLIST_KEY_UIMainStoryboardFile = Main;
				INFOPLIST_KEY_UISupportedInterfaceOrientations_iPad = "UIInterfaceOrientationPortrait UIInterfaceOrientationPortraitUpsideDown UIInterfaceOrientationLandscapeLeft UIInterfaceOrientationLandscapeRight";
				INFOPLIST_KEY_UISupportedInterfaceOrientations_iPhone = "UIInterfaceOrientationPortrait UIInterfaceOrientationLandscapeLeft UIInterfaceOrientationLandscapeRight";
				IPHONEOS_DEPLOYMENT_TARGET = 13.5;
				LD_RUNPATH_SEARCH_PATHS = (
					"$(inherited)",
					"@executable_path/Frameworks",
				);
				MARKETING_VERSION = 1.0;
				PRODUCT_BUNDLE_IDENTIFIER = me.kanounji.naji.MyFlix;
				PRODUCT_NAME = "$(TARGET_NAME)";
				SWIFT_EMIT_LOC_STRINGS = YES;
				SWIFT_VERSION = 5.0;
				TARGETED_DEVICE_FAMILY = "1,2";
			};
			name = Debug;
		};
		2B8B70DD2AE2640300F27652 /* Release */ = {
			isa = XCBuildConfiguration;
			buildSettings = {
				ASSETCATALOG_COMPILER_APPICON_NAME = AppIcon;
				ASSETCATALOG_COMPILER_GLOBAL_ACCENT_COLOR_NAME = AccentColor;
				CODE_SIGN_STYLE = Automatic;
				CURRENT_PROJECT_VERSION = 1;
				DEVELOPMENT_TEAM = 8R567J3WC5;
				GENERATE_INFOPLIST_FILE = YES;
				INFOPLIST_FILE = MyFlix/Info.plist;
				INFOPLIST_KEY_UIApplicationSupportsIndirectInputEvents = YES;
				INFOPLIST_KEY_UILaunchStoryboardName = LaunchScreen;
				INFOPLIST_KEY_UIMainStoryboardFile = Main;
				INFOPLIST_KEY_UISupportedInterfaceOrientations_iPad = "UIInterfaceOrientationPortrait UIInterfaceOrientationPortraitUpsideDown UIInterfaceOrientationLandscapeLeft UIInterfaceOrientationLandscapeRight";
				INFOPLIST_KEY_UISupportedInterfaceOrientations_iPhone = "UIInterfaceOrientationPortrait UIInterfaceOrientationLandscapeLeft UIInterfaceOrientationLandscapeRight";
				IPHONEOS_DEPLOYMENT_TARGET = 13.5;
				LD_RUNPATH_SEARCH_PATHS = (
					"$(inherited)",
					"@executable_path/Frameworks",
				);
				MARKETING_VERSION = 1.0;
				PRODUCT_BUNDLE_IDENTIFIER = me.kanounji.naji.MyFlix;
				PRODUCT_NAME = "$(TARGET_NAME)";
				SWIFT_EMIT_LOC_STRINGS = YES;
				SWIFT_VERSION = 5.0;
				TARGETED_DEVICE_FAMILY = "1,2";
			};
			name = Release;
		};
		2B8B70DF2AE2640300F27652 /* Debug */ = {
			isa = XCBuildConfiguration;
			buildSettings = {
				ALWAYS_EMBED_SWIFT_STANDARD_LIBRARIES = YES;
				BUNDLE_LOADER = "$(TEST_HOST)";
				CODE_SIGN_STYLE = Automatic;
				CURRENT_PROJECT_VERSION = 1;
				GENERATE_INFOPLIST_FILE = YES;
				IPHONEOS_DEPLOYMENT_TARGET = 16.2;
				MARKETING_VERSION = 1.0;
				PRODUCT_BUNDLE_IDENTIFIER = me.kanounji.naji.MyFlixTests;
				PRODUCT_NAME = "$(TARGET_NAME)";
				SWIFT_EMIT_LOC_STRINGS = NO;
				SWIFT_VERSION = 5.0;
				TARGETED_DEVICE_FAMILY = "1,2";
				TEST_HOST = "$(BUILT_PRODUCTS_DIR)/MyFlix.app/$(BUNDLE_EXECUTABLE_FOLDER_PATH)/MyFlix";
			};
			name = Debug;
		};
		2B8B70E02AE2640300F27652 /* Release */ = {
			isa = XCBuildConfiguration;
			buildSettings = {
				ALWAYS_EMBED_SWIFT_STANDARD_LIBRARIES = YES;
				BUNDLE_LOADER = "$(TEST_HOST)";
				CODE_SIGN_STYLE = Automatic;
				CURRENT_PROJECT_VERSION = 1;
				GENERATE_INFOPLIST_FILE = YES;
				IPHONEOS_DEPLOYMENT_TARGET = 16.2;
				MARKETING_VERSION = 1.0;
				PRODUCT_BUNDLE_IDENTIFIER = me.kanounji.naji.MyFlixTests;
				PRODUCT_NAME = "$(TARGET_NAME)";
				SWIFT_EMIT_LOC_STRINGS = NO;
				SWIFT_VERSION = 5.0;
				TARGETED_DEVICE_FAMILY = "1,2";
				TEST_HOST = "$(BUILT_PRODUCTS_DIR)/MyFlix.app/$(BUNDLE_EXECUTABLE_FOLDER_PATH)/MyFlix";
			};
			name = Release;
		};
		2B8B70E22AE2640300F27652 /* Debug */ = {
			isa = XCBuildConfiguration;
			buildSettings = {
				ALWAYS_EMBED_SWIFT_STANDARD_LIBRARIES = YES;
				CODE_SIGN_STYLE = Automatic;
				CURRENT_PROJECT_VERSION = 1;
				GENERATE_INFOPLIST_FILE = YES;
				MARKETING_VERSION = 1.0;
				PRODUCT_BUNDLE_IDENTIFIER = me.kanounji.naji.MyFlixUITests;
				PRODUCT_NAME = "$(TARGET_NAME)";
				SWIFT_EMIT_LOC_STRINGS = NO;
				SWIFT_VERSION = 5.0;
				TARGETED_DEVICE_FAMILY = "1,2";
				TEST_TARGET_NAME = MyFlix;
			};
			name = Debug;
		};
		2B8B70E32AE2640300F27652 /* Release */ = {
			isa = XCBuildConfiguration;
			buildSettings = {
				ALWAYS_EMBED_SWIFT_STANDARD_LIBRARIES = YES;
				CODE_SIGN_STYLE = Automatic;
				CURRENT_PROJECT_VERSION = 1;
				GENERATE_INFOPLIST_FILE = YES;
				MARKETING_VERSION = 1.0;
				PRODUCT_BUNDLE_IDENTIFIER = me.kanounji.naji.MyFlixUITests;
				PRODUCT_NAME = "$(TARGET_NAME)";
				SWIFT_EMIT_LOC_STRINGS = NO;
				SWIFT_VERSION = 5.0;
				TARGETED_DEVICE_FAMILY = "1,2";
				TEST_TARGET_NAME = MyFlix;
			};
			name = Release;
		};
/* End XCBuildConfiguration section */

/* Begin XCConfigurationList section */
		2B8B70A92AE263FF00F27652 /* Build configuration list for PBXProject "MyFlix" */ = {
			isa = XCConfigurationList;
			buildConfigurations = (
				2B8B70D92AE2640300F27652 /* Debug */,
				2B8B70DA2AE2640300F27652 /* Release */,
			);
			defaultConfigurationIsVisible = 0;
			defaultConfigurationName = Release;
		};
		2B8B70DB2AE2640300F27652 /* Build configuration list for PBXNativeTarget "MyFlix" */ = {
			isa = XCConfigurationList;
			buildConfigurations = (
				2B8B70DC2AE2640300F27652 /* Debug */,
				2B8B70DD2AE2640300F27652 /* Release */,
			);
			defaultConfigurationIsVisible = 0;
			defaultConfigurationName = Release;
		};
		2B8B70DE2AE2640300F27652 /* Build configuration list for PBXNativeTarget "MyFlixTests" */ = {
			isa = XCConfigurationList;
			buildConfigurations = (
				2B8B70DF2AE2640300F27652 /* Debug */,
				2B8B70E02AE2640300F27652 /* Release */,
			);
			defaultConfigurationIsVisible = 0;
			defaultConfigurationName = Release;
		};
		2B8B70E12AE2640300F27652 /* Build configuration list for PBXNativeTarget "MyFlixUITests" */ = {
			isa = XCConfigurationList;
			buildConfigurations = (
				2B8B70E22AE2640300F27652 /* Debug */,
				2B8B70E32AE2640300F27652 /* Release */,
			);
			defaultConfigurationIsVisible = 0;
			defaultConfigurationName = Release;
		};
/* End XCConfigurationList section */

/* Begin XCVersionGroup section */
		2B8B70BA2AE263FF00F27652 /* MyFlix.xcdatamodeld */ = {
			isa = XCVersionGroup;
			children = (
				2B8B70BB2AE263FF00F27652 /* MyFlix.xcdatamodel */,
			);
			currentVersion = 2B8B70BB2AE263FF00F27652 /* MyFlix.xcdatamodel */;
			path = MyFlix.xcdatamodeld;
			sourceTree = "<group>";
			versionGroupType = wrapper.xcdatamodel;
		};
/* End XCVersionGroup section */
	};
	rootObject = 2B8B70A62AE263FF00F27652 /* Project object */;
}
